
Microsoft Visual Studio Solution File, Format Version 12.00
# Visual Studio Version 17
VisualStudioVersion = 17.12.35527.113 d17.12
MinimumVisualStudioVersion = 10.0.40219.1
Project("{2150E333-8FDC-42A3-9474-1A3956D46DE8}") = "src", "src", "{54334D6F-FC8B-4459-9D02-DA19735FC271}"
EndProject
Project("{2150E333-8FDC-42A3-9474-1A3956D46DE8}") = "tests", "tests", "{1AA040FC-2558-479F-8F3F-04727A23A3E7}"
EndProject
Project("{FAE04EC0-301F-11D3-BF4B-00C04F79EFBC}") = "Plenera.Domain", "Plenera.Domain\Plenera.Domain.csproj", "{A462928E-E746-4359-B33C-45D804EEA5D4}"
EndProject
Project("{FAE04EC0-301F-11D3-BF4B-00C04F79EFBC}") = "Plenera.Application", "Plenera.Application\Plenera.Application.csproj", "{12852600-A39D-4A1E-9DFE-F0C2FE142A71}"
EndProject
Project("{FAE04EC0-301F-11D3-BF4B-00C04F79EFBC}") = "Plenera.Infrastructure", "Plenera.Infrastructure\Plenera.Infrastructure.csproj", "{8CACB248-A5D2-4B10-9916-6E1914492067}"
EndProject
Project("{FAE04EC0-301F-11D3-BF4B-00C04F79EFBC}") = "Plenera.API", "Plenera.API\Plenera.API.csproj", "{74C8B744-0DAC-4911-8040-0947FC264AFE}"
EndProject
Global
	GlobalSection(SolutionConfigurationPlatforms) = preSolution
		Debug|Any CPU = Debug|Any CPU
		Release|Any CPU = Release|Any CPU
	EndGlobalSection
	GlobalSection(ProjectConfigurationPlatforms) = postSolution
		{A462928E-E746-4359-B33C-45D804EEA5D4}.Debug|Any CPU.ActiveCfg = Debug|Any CPU
		{A462928E-E746-4359-B33C-45D804EEA5D4}.Debug|Any CPU.Build.0 = Debug|Any CPU
		{A462928E-E746-4359-B33C-45D804EEA5D4}.Release|Any CPU.ActiveCfg = Release|Any CPU
		{A462928E-E746-4359-B33C-45D804EEA5D4}.Release|Any CPU.Build.0 = Release|Any CPU
		{12852600-A39D-4A1E-9DFE-F0C2FE142A71}.Debug|Any CPU.ActiveCfg = Debug|Any CPU
		{12852600-A39D-4A1E-9DFE-F0C2FE142A71}.Debug|Any CPU.Build.0 = Debug|Any CPU
		{12852600-A39D-4A1E-9DFE-F0C2FE142A71}.Release|Any CPU.ActiveCfg = Release|Any CPU
		{12852600-A39D-4A1E-9DFE-F0C2FE142A71}.Release|Any CPU.Build.0 = Release|Any CPU
		{8CACB248-A5D2-4B10-9916-6E1914492067}.Debug|Any CPU.ActiveCfg = Debug|Any CPU
		{8CACB248-A5D2-4B10-9916-6E1914492067}.Debug|Any CPU.Build.0 = Debug|Any CPU
		{8CACB248-A5D2-4B10-9916-6E1914492067}.Release|Any CPU.ActiveCfg = Release|Any CPU
		{8CACB248-A5D2-4B10-9916-6E1914492067}.Release|Any CPU.Build.0 = Release|Any CPU
		{74C8B744-0DAC-4911-8040-0947FC264AFE}.Debug|Any CPU.ActiveCfg = Debug|Any CPU
		{74C8B744-0DAC-4911-8040-0947FC264AFE}.Debug|Any CPU.Build.0 = Debug|Any CPU
		{74C8B744-0DAC-4911-8040-0947FC264AFE}.Release|Any CPU.ActiveCfg = Release|Any CPU
		{74C8B744-0DAC-4911-8040-0947FC264AFE}.Release|Any CPU.Build.0 = Release|Any CPU
	EndGlobalSection
	GlobalSection(SolutionProperties) = preSolution
		HideSolutionNode = FALSE
	EndGlobalSection
	GlobalSection(NestedProjects) = preSolution
		{A462928E-E746-4359-B33C-45D804EEA5D4} = {54334D6F-FC8B-4459-9D02-DA19735FC271}
		{12852600-A39D-4A1E-9DFE-F0C2FE142A71} = {54334D6F-FC8B-4459-9D02-DA19735FC271}
		{8CACB248-A5D2-4B10-9916-6E1914492067} = {54334D6F-FC8B-4459-9D02-DA19735FC271}
		{74C8B744-0DAC-4911-8040-0947FC264AFE} = {54334D6F-FC8B-4459-9D02-DA19735FC271}
	EndGlobalSection
EndGlobal
